
Microsoft Visual Studio Solution File, Format Version 12.00
# Visual Studio 15
VisualStudioVersion = 15.0.27428.2043
MinimumVisualStudioVersion = 10.0.40219.1
Project("{FAE04EC0-301F-11D3-BF4B-00C04F79EFBC}") = "Mapeamento1NEntityFramework", "Mapeamento1NEntityFramework\Mapeamento1NEntityFramework.csproj", "{682809C8-A80F-4B46-90A1-3B34ED3B258B}"
EndProject
Global
	GlobalSection(SolutionConfigurationPlatforms) = preSolution
		Debug|Any CPU = Debug|Any CPU
		Release|Any CPU = Release|Any CPU
	EndGlobalSection
	GlobalSection(ProjectConfigurationPlatforms) = postSolution
		{682809C8-A80F-4B46-90A1-3B34ED3B258B}.Debug|Any CPU.ActiveCfg = Debug|Any CPU
		{682809C8-A80F-4B46-90A1-3B34ED3B258B}.Debug|Any CPU.Build.0 = Debug|Any CPU
		{682809C8-A80F-4B46-90A1-3B34ED3B258B}.Release|Any CPU.ActiveCfg = Release|Any CPU
		{682809C8-A80F-4B46-90A1-3B34ED3B258B}.Release|Any CPU.Build.0 = Release|Any CPU
	EndGlobalSection
	GlobalSection(SolutionProperties) = preSolution
		HideSolutionNode = FALSE
	EndGlobalSection
	GlobalSection(ExtensibilityGlobals) = postSolution
		SolutionGuid = {AA28551F-AFFB-4442-ACBE-878937517E7D}
	EndGlobalSection
EndGlobal
